// !$*UTF8*$!
{
	archiveVersion = 1;
	classes = {
	};
	objectVersion = 56;
	objects = {

/* Begin PBXBuildFile section */
		A32CE4F8293DB47D0067A928 /* Assets.xcassets in Resources */ = {isa = PBXBuildFile; fileRef = A32CE4F7293DB47D0067A928 /* Assets.xcassets */; };
		A32CE508293DB5BA0067A928 /* OpenGL.framework in Frameworks */ = {isa = PBXBuildFile; fileRef = A32CE507293DB5BA0067A928 /* OpenGL.framework */; };
		A3534355293FDA5F00D47A95 /* InputSystem.cpp in Sources */ = {isa = PBXBuildFile; fileRef = A32CE517293DB7270067A928 /* InputSystem.cpp */; };
		A3534357293FDA6900D47A95 /* Entity.cpp in Sources */ = {isa = PBXBuildFile; fileRef = A32CE51D293DB78D0067A928 /* Entity.cpp */; };
		A3534358293FDA6C00D47A95 /* RenderSystem.cpp in Sources */ = {isa = PBXBuildFile; fileRef = A32CE51A293DB75F0067A928 /* RenderSystem.cpp */; };
		A3534359293FDA6E00D47A95 /* Application.cpp in Sources */ = {isa = PBXBuildFile; fileRef = A32CE514293DB6B20067A928 /* Application.cpp */; };
		A353435A293FDA7200D47A95 /* main.m in Sources */ = {isa = PBXBuildFile; fileRef = A32CE4FC293DB47D0067A928 /* main.m */; };
		A353435D293FDE6100D47A95 /* ComponentSystem.cpp in Sources */ = {isa = PBXBuildFile; fileRef = A353435B293FDE6100D47A95 /* ComponentSystem.cpp */; };
/* End PBXBuildFile section */

/* Begin PBXFileReference section */
		A32CE4F1293DB47D0067A928 /* Engine.app */ = {isa = PBXFileReference; explicitFileType = wrapper.application; includeInIndex = 0; path = Engine.app; sourceTree = BUILT_PRODUCTS_DIR; };
		A32CE4F7293DB47D0067A928 /* Assets.xcassets */ = {isa = PBXFileReference; lastKnownFileType = folder.assetcatalog; path = Assets.xcassets; sourceTree = "<group>"; };
		A32CE4FC293DB47D0067A928 /* main.m */ = {isa = PBXFileReference; explicitFileType = sourcecode.cpp.cpp; path = main.m; sourceTree = "<group>"; };
		A32CE4FE293DB47D0067A928 /* Engine.entitlements */ = {isa = PBXFileReference; lastKnownFileType = text.plist.entitlements; path = Engine.entitlements; sourceTree = "<group>"; };
		A32CE507293DB5BA0067A928 /* OpenGL.framework */ = {isa = PBXFileReference; lastKnownFileType = wrapper.framework; name = OpenGL.framework; path = System/Library/Frameworks/OpenGL.framework; sourceTree = SDKROOT; };
		A32CE509293DB5D20067A928 /* libGLEW.2.2.0.dylib */ = {isa = PBXFileReference; lastKnownFileType = "compiled.mach-o.dylib"; name = libGLEW.2.2.0.dylib; path = ../../../../opt/homebrew/Cellar/glew/2.2.0_1/lib/libGLEW.2.2.0.dylib; sourceTree = "<group>"; };
		A32CE50B293DB5E10067A928 /* SDL2.framework */ = {isa = PBXFileReference; lastKnownFileType = wrapper.framework; name = SDL2.framework; path = ../../../../Library/Frameworks/SDL2.framework; sourceTree = "<group>"; };
		A32CE514293DB6B20067A928 /* Application.cpp */ = {isa = PBXFileReference; lastKnownFileType = sourcecode.cpp.cpp; path = Application.cpp; sourceTree = "<group>"; };
		A32CE515293DB6B20067A928 /* Application.hpp */ = {isa = PBXFileReference; lastKnownFileType = sourcecode.cpp.h; path = Application.hpp; sourceTree = "<group>"; };
		A32CE517293DB7270067A928 /* InputSystem.cpp */ = {isa = PBXFileReference; lastKnownFileType = sourcecode.cpp.cpp; path = InputSystem.cpp; sourceTree = "<group>"; };
		A32CE51A293DB75F0067A928 /* RenderSystem.cpp */ = {isa = PBXFileReference; lastKnownFileType = sourcecode.cpp.cpp; path = RenderSystem.cpp; sourceTree = "<group>"; };
		A32CE51B293DB75F0067A928 /* RenderSystem.hpp */ = {isa = PBXFileReference; lastKnownFileType = sourcecode.cpp.h; path = RenderSystem.hpp; sourceTree = "<group>"; };
		A32CE51D293DB78D0067A928 /* Entity.cpp */ = {isa = PBXFileReference; lastKnownFileType = sourcecode.cpp.cpp; path = Entity.cpp; sourceTree = "<group>"; };
		A32CE51E293DB78D0067A928 /* Entity.hpp */ = {isa = PBXFileReference; lastKnownFileType = sourcecode.cpp.h; path = Entity.hpp; sourceTree = "<group>"; };
		A32CE521293DB7C10067A928 /* Component.hpp */ = {isa = PBXFileReference; lastKnownFileType = sourcecode.cpp.h; path = Component.hpp; sourceTree = "<group>"; };
		A353435B293FDE6100D47A95 /* ComponentSystem.cpp */ = {isa = PBXFileReference; lastKnownFileType = sourcecode.cpp.cpp; path = ComponentSystem.cpp; sourceTree = "<group>"; };
		A353435C293FDE6100D47A95 /* ComponentSystem.hpp */ = {isa = PBXFileReference; lastKnownFileType = sourcecode.cpp.h; path = ComponentSystem.hpp; sourceTree = "<group>"; };
		A3534361293FE21000D47A95 /* Vector2.hpp */ = {isa = PBXFileReference; lastKnownFileType = sourcecode.cpp.h; path = Vector2.hpp; sourceTree = "<group>"; };
		A3E7E2EC293E8DFB0029B178 /* InputSystem.hpp */ = {isa = PBXFileReference; lastKnownFileType = sourcecode.cpp.h; path = InputSystem.hpp; sourceTree = "<group>"; };
/* End PBXFileReference section */

/* Begin PBXFrameworksBuildPhase section */
		A32CE4EE293DB47D0067A928 /* Frameworks */ = {
			isa = PBXFrameworksBuildPhase;
			buildActionMask = 2147483647;
			files = (
				A32CE508293DB5BA0067A928 /* OpenGL.framework in Frameworks */,
			);
			runOnlyForDeploymentPostprocessing = 0;
		};
/* End PBXFrameworksBuildPhase section */

/* Begin PBXGroup section */
		A32CE4E8293DB47D0067A928 = {
			isa = PBXGroup;
			children = (
				A32CE4F3293DB47D0067A928 /* Engine */,
				A32CE4F2293DB47D0067A928 /* Products */,
				A32CE506293DB5BA0067A928 /* Frameworks */,
			);
			sourceTree = "<group>";
		};
		A32CE4F2293DB47D0067A928 /* Products */ = {
			isa = PBXGroup;
			children = (
				A32CE4F1293DB47D0067A928 /* Engine.app */,
			);
			name = Products;
			sourceTree = "<group>";
		};
		A32CE4F3293DB47D0067A928 /* Engine */ = {
			isa = PBXGroup;
			children = (
				A32CE50D293DB6390067A928 /* Source */,
				A32CE4F7293DB47D0067A928 /* Assets.xcassets */,
				A32CE4FE293DB47D0067A928 /* Engine.entitlements */,
			);
			path = Engine;
			sourceTree = "<group>";
		};
		A32CE505293DB4FF0067A928 /* Main */ = {
			isa = PBXGroup;
			children = (
				A32CE4FC293DB47D0067A928 /* main.m */,
			);
			path = Main;
			sourceTree = "<group>";
		};
		A32CE506293DB5BA0067A928 /* Frameworks */ = {
			isa = PBXGroup;
			children = (
				A32CE50B293DB5E10067A928 /* SDL2.framework */,
				A32CE509293DB5D20067A928 /* libGLEW.2.2.0.dylib */,
				A32CE507293DB5BA0067A928 /* OpenGL.framework */,
			);
			name = Frameworks;
			sourceTree = "<group>";
		};
		A32CE50D293DB6390067A928 /* Source */ = {
			isa = PBXGroup;
			children = (
				A3E7E2E9293E8CDA0029B178 /* System */,
				A32CE513293DB69E0067A928 /* Include */,
				A32CE511293DB6900067A928 /* Entity */,
				A32CE50E293DB6770067A928 /* Application */,
				A32CE505293DB4FF0067A928 /* Main */,
			);
			path = Source;
			sourceTree = "<group>";
		};
		A32CE50E293DB6770067A928 /* Application */ = {
			isa = PBXGroup;
			children = (
				A32CE514293DB6B20067A928 /* Application.cpp */,
			);
			path = Application;
			sourceTree = "<group>";
		};
		A32CE511293DB6900067A928 /* Entity */ = {
			isa = PBXGroup;
			children = (
				A32CE51D293DB78D0067A928 /* Entity.cpp */,
			);
			path = Entity;
			sourceTree = "<group>";
		};
		A32CE513293DB69E0067A928 /* Include */ = {
			isa = PBXGroup;
			children = (
				A3B5CF9E29410C1F006F2682 /* Component */,
				A3B5CF9B2940F249006F2682 /* Math */,
				A353435C293FDE6100D47A95 /* ComponentSystem.hpp */,
				A3E7E2EC293E8DFB0029B178 /* InputSystem.hpp */,
				A32CE51E293DB78D0067A928 /* Entity.hpp */,
				A32CE51B293DB75F0067A928 /* RenderSystem.hpp */,
				A32CE515293DB6B20067A928 /* Application.hpp */,
			);
			path = Include;
			sourceTree = "<group>";
		};
		A3B5CF9B2940F249006F2682 /* Math */ = {
			isa = PBXGroup;
			children = (
				A3534361293FE21000D47A95 /* Vector2.hpp */,
			);
			path = Math;
			sourceTree = "<group>";
		};
		A3B5CF9E29410C1F006F2682 /* Component */ = {
			isa = PBXGroup;
			children = (
				A32CE521293DB7C10067A928 /* Component.hpp */,
			);
			path = Component;
			sourceTree = "<group>";
		};
		A3E7E2E9293E8CDA0029B178 /* System */ = {
			isa = PBXGroup;
			children = (
				A32CE51A293DB75F0067A928 /* RenderSystem.cpp */,
				A32CE517293DB7270067A928 /* InputSystem.cpp */,
				A353435B293FDE6100D47A95 /* ComponentSystem.cpp */,
			);
			path = System;
			sourceTree = "<group>";
		};
/* End PBXGroup section */

/* Begin PBXNativeTarget section */
		A32CE4F0293DB47D0067A928 /* Engine */ = {
			isa = PBXNativeTarget;
			buildConfigurationList = A32CE501293DB47D0067A928 /* Build configuration list for PBXNativeTarget "Engine" */;
			buildPhases = (
				A32CE4ED293DB47D0067A928 /* Sources */,
				A32CE4EE293DB47D0067A928 /* Frameworks */,
				A32CE4EF293DB47D0067A928 /* Resources */,
			);
			buildRules = (
			);
			dependencies = (
			);
			name = Engine;
			productName = Engine;
			productReference = A32CE4F1293DB47D0067A928 /* Engine.app */;
			productType = "com.apple.product-type.application";
		};
/* End PBXNativeTarget section */

/* Begin PBXProject section */
		A32CE4E9293DB47D0067A928 /* Project object */ = {
			isa = PBXProject;
			attributes = {
				BuildIndependentTargetsInParallel = 1;
				LastUpgradeCheck = 1410;
				TargetAttributes = {
					A32CE4F0293DB47D0067A928 = {
						CreatedOnToolsVersion = 14.1;
					};
				};
			};
			buildConfigurationList = A32CE4EC293DB47D0067A928 /* Build configuration list for PBXProject "Engine" */;
			compatibilityVersion = "Xcode 14.0";
			developmentRegion = en;
			hasScannedForEncodings = 0;
			knownRegions = (
				en,
				Base,
			);
			mainGroup = A32CE4E8293DB47D0067A928;
			productRefGroup = A32CE4F2293DB47D0067A928 /* Products */;
			projectDirPath = "";
			projectRoot = "";
			targets = (
				A32CE4F0293DB47D0067A928 /* Engine */,
			);
		};
/* End PBXProject section */

/* Begin PBXResourcesBuildPhase section */
		A32CE4EF293DB47D0067A928 /* Resources */ = {
			isa = PBXResourcesBuildPhase;
			buildActionMask = 2147483647;
			files = (
				A32CE4F8293DB47D0067A928 /* Assets.xcassets in Resources */,
			);
			runOnlyForDeploymentPostprocessing = 0;
		};
/* End PBXResourcesBuildPhase section */

/* Begin PBXSourcesBuildPhase section */
		A32CE4ED293DB47D0067A928 /* Sources */ = {
			isa = PBXSourcesBuildPhase;
			buildActionMask = 2147483647;
			files = (
				A353435A293FDA7200D47A95 /* main.m in Sources */,
				A3534359293FDA6E00D47A95 /* Application.cpp in Sources */,
				A3534358293FDA6C00D47A95 /* RenderSystem.cpp in Sources */,
				A3534357293FDA6900D47A95 /* Entity.cpp in Sources */,
				A3534355293FDA5F00D47A95 /* InputSystem.cpp in Sources */,
				A353435D293FDE6100D47A95 /* ComponentSystem.cpp in Sources */,
			);
			runOnlyForDeploymentPostprocessing = 0;
		};
/* End PBXSourcesBuildPhase section */

/* Begin XCBuildConfiguration section */
		A32CE4FF293DB47D0067A928 /* Debug */ = {
			isa = XCBuildConfiguration;
			buildSettings = {
				ALWAYS_SEARCH_USER_PATHS = NO;
				CLANG_ANALYZER_NONNULL = YES;
				CLANG_ANALYZER_NUMBER_OBJECT_CONVERSION = YES_AGGRESSIVE;
				CLANG_CXX_LANGUAGE_STANDARD = "gnu++20";
				CLANG_ENABLE_MODULES = YES;
				CLANG_ENABLE_OBJC_ARC = YES;
				CLANG_ENABLE_OBJC_WEAK = YES;
				CLANG_WARN_BLOCK_CAPTURE_AUTORELEASING = YES;
				CLANG_WARN_BOOL_CONVERSION = YES;
				CLANG_WARN_COMMA = YES;
				CLANG_WARN_CONSTANT_CONVERSION = YES;
				CLANG_WARN_DEPRECATED_OBJC_IMPLEMENTATIONS = YES;
				CLANG_WARN_DIRECT_OBJC_ISA_USAGE = YES_ERROR;
				CLANG_WARN_DOCUMENTATION_COMMENTS = YES;
				CLANG_WARN_EMPTY_BODY = YES;
				CLANG_WARN_ENUM_CONVERSION = YES;
				CLANG_WARN_INFINITE_RECURSION = YES;
				CLANG_WARN_INT_CONVERSION = YES;
				CLANG_WARN_NON_LITERAL_NULL_CONVERSION = YES;
				CLANG_WARN_OBJC_IMPLICIT_RETAIN_SELF = YES;
				CLANG_WARN_OBJC_LITERAL_CONVERSION = YES;
				CLANG_WARN_OBJC_ROOT_CLASS = YES_ERROR;
				CLANG_WARN_QUOTED_INCLUDE_IN_FRAMEWORK_HEADER = YES;
				CLANG_WARN_RANGE_LOOP_ANALYSIS = YES;
				CLANG_WARN_STRICT_PROTOTYPES = YES;
				CLANG_WARN_SUSPICIOUS_MOVE = YES;
				CLANG_WARN_UNGUARDED_AVAILABILITY = YES_AGGRESSIVE;
				CLANG_WARN_UNREACHABLE_CODE = YES;
				CLANG_WARN__DUPLICATE_METHOD_MATCH = YES;
				COPY_PHASE_STRIP = NO;
				DEBUG_INFORMATION_FORMAT = dwarf;
				ENABLE_STRICT_OBJC_MSGSEND = YES;
				ENABLE_TESTABILITY = YES;
				GCC_C_LANGUAGE_STANDARD = gnu11;
				GCC_DYNAMIC_NO_PIC = NO;
				GCC_NO_COMMON_BLOCKS = YES;
				GCC_OPTIMIZATION_LEVEL = 0;
				GCC_PREPROCESSOR_DEFINITIONS = (
					"DEBUG=1",
					"$(inherited)",
				);
				GCC_WARN_64_TO_32_BIT_CONVERSION = YES;
				GCC_WARN_ABOUT_RETURN_TYPE = YES_ERROR;
				GCC_WARN_UNDECLARED_SELECTOR = YES;
				GCC_WARN_UNINITIALIZED_AUTOS = YES_AGGRESSIVE;
				GCC_WARN_UNUSED_FUNCTION = YES;
				GCC_WARN_UNUSED_VARIABLE = YES;
				MACOSX_DEPLOYMENT_TARGET = 13.0;
				MTL_ENABLE_DEBUG_INFO = INCLUDE_SOURCE;
				MTL_FAST_MATH = YES;
				ONLY_ACTIVE_ARCH = YES;
				SDKROOT = macosx;
			};
			name = Debug;
		};
		A32CE500293DB47D0067A928 /* Release */ = {
			isa = XCBuildConfiguration;
			buildSettings = {
				ALWAYS_SEARCH_USER_PATHS = NO;
				CLANG_ANALYZER_NONNULL = YES;
				CLANG_ANALYZER_NUMBER_OBJECT_CONVERSION = YES_AGGRESSIVE;
				CLANG_CXX_LANGUAGE_STANDARD = "gnu++20";
				CLANG_ENABLE_MODULES = YES;
				CLANG_ENABLE_OBJC_ARC = YES;
				CLANG_ENABLE_OBJC_WEAK = YES;
				CLANG_WARN_BLOCK_CAPTURE_AUTORELEASING = YES;
				CLANG_WARN_BOOL_CONVERSION = YES;
				CLANG_WARN_COMMA = YES;
				CLANG_WARN_CONSTANT_CONVERSION = YES;
				CLANG_WARN_DEPRECATED_OBJC_IMPLEMENTATIONS = YES;
				CLANG_WARN_DIRECT_OBJC_ISA_USAGE = YES_ERROR;
				CLANG_WARN_DOCUMENTATION_COMMENTS = YES;
				CLANG_WARN_EMPTY_BODY = YES;
				CLANG_WARN_ENUM_CONVERSION = YES;
				CLANG_WARN_INFINITE_RECURSION = YES;
				CLANG_WARN_INT_CONVERSION = YES;
				CLANG_WARN_NON_LITERAL_NULL_CONVERSION = YES;
				CLANG_WARN_OBJC_IMPLICIT_RETAIN_SELF = YES;
				CLANG_WARN_OBJC_LITERAL_CONVERSION = YES;
				CLANG_WARN_OBJC_ROOT_CLASS = YES_ERROR;
				CLANG_WARN_QUOTED_INCLUDE_IN_FRAMEWORK_HEADER = YES;
				CLANG_WARN_RANGE_LOOP_ANALYSIS = YES;
				CLANG_WARN_STRICT_PROTOTYPES = YES;
				CLANG_WARN_SUSPICIOUS_MOVE = YES;
				CLANG_WARN_UNGUARDED_AVAILABILITY = YES_AGGRESSIVE;
				CLANG_WARN_UNREACHABLE_CODE = YES;
				CLANG_WARN__DUPLICATE_METHOD_MATCH = YES;
				COPY_PHASE_STRIP = NO;
				DEBUG_INFORMATION_FORMAT = "dwarf-with-dsym";
				ENABLE_NS_ASSERTIONS = NO;
				ENABLE_STRICT_OBJC_MSGSEND = YES;
				GCC_C_LANGUAGE_STANDARD = gnu11;
				GCC_NO_COMMON_BLOCKS = YES;
				GCC_WARN_64_TO_32_BIT_CONVERSION = YES;
				GCC_WARN_ABOUT_RETURN_TYPE = YES_ERROR;
				GCC_WARN_UNDECLARED_SELECTOR = YES;
				GCC_WARN_UNINITIALIZED_AUTOS = YES_AGGRESSIVE;
				GCC_WARN_UNUSED_FUNCTION = YES;
				GCC_WARN_UNUSED_VARIABLE = YES;
				MACOSX_DEPLOYMENT_TARGET = 13.0;
				MTL_ENABLE_DEBUG_INFO = NO;
				MTL_FAST_MATH = YES;
				SDKROOT = macosx;
			};
			name = Release;
		};
		A32CE502293DB47D0067A928 /* Debug */ = {
			isa = XCBuildConfiguration;
			buildSettings = {
				ASSETCATALOG_COMPILER_APPICON_NAME = AppIcon;
				ASSETCATALOG_COMPILER_GLOBAL_ACCENT_COLOR_NAME = AccentColor;
				CODE_SIGN_ENTITLEMENTS = Engine/Engine.entitlements;
				CODE_SIGN_IDENTITY = "Apple Development";
				"CODE_SIGN_IDENTITY[sdk=macosx*]" = "-";
				CODE_SIGN_STYLE = Automatic;
				COMBINE_HIDPI_IMAGES = YES;
				CURRENT_PROJECT_VERSION = 1;
				DEVELOPMENT_TEAM = Y574R8ZVSH;
				ENABLE_HARDENED_RUNTIME = YES;
				FRAMEWORK_SEARCH_PATHS = (
					"$(inherited)",
					"$(LOCAL_LIBRARY_DIR)/Frameworks",
				);
				GCC_NO_COMMON_BLOCKS = NO;
				GENERATE_INFOPLIST_FILE = YES;
				HEADER_SEARCH_PATHS = /opt/homebrew/include;
				INFOPLIST_KEY_NSHumanReadableCopyright = "";
				INFOPLIST_KEY_NSMainNibFile = MainMenu;
				INFOPLIST_KEY_NSPrincipalClass = NSApplication;
				LD_RUNPATH_SEARCH_PATHS = "@rpath-relative";
				LIBRARY_SEARCH_PATHS = (
					"$(inherited)",
					/opt/homebrew/Cellar/glew/2.2.0_1/lib,
					"$(LOCAL_LIBRARY_DIR)/Frameworks/SDL2.framework/Versions/A",
				);
				MARKETING_VERSION = 1.0;
				ONLY_ACTIVE_ARCH = YES;
				OTHER_LDFLAGS = (
					"-L",
					/opt/homebrew/lib,
					"-lSDL2",
					/opt/homebrew/Cellar/sdl2/2.26.0/lib/libSDL2.a,
					"-lGLEW",
				);
				OTHER_LIBTOOLFLAGS = "-L /opt/homebrew/lib";
				PRODUCT_BUNDLE_IDENTIFIER = com.lsburton.Engine;
				PRODUCT_NAME = "$(TARGET_NAME)";
				PROVISIONING_PROFILE_SPECIFIER = "";
				SWIFT_EMIT_LOC_STRINGS = YES;
				USER_HEADER_SEARCH_PATHS = /Users/luke/Desktop/Engine/Engine/Source/Include;
			};
			name = Debug;
		};
		A32CE503293DB47D0067A928 /* Release */ = {
			isa = XCBuildConfiguration;
			buildSettings = {
				ASSETCATALOG_COMPILER_APPICON_NAME = AppIcon;
				ASSETCATALOG_COMPILER_GLOBAL_ACCENT_COLOR_NAME = AccentColor;
				CODE_SIGN_ENTITLEMENTS = Engine/Engine.entitlements;
				CODE_SIGN_IDENTITY = "Apple Development";
				"CODE_SIGN_IDENTITY[sdk=macosx*]" = "-";
				CODE_SIGN_STYLE = Automatic;
				COMBINE_HIDPI_IMAGES = YES;
				CURRENT_PROJECT_VERSION = 1;
				DEVELOPMENT_TEAM = Y574R8ZVSH;
				ENABLE_HARDENED_RUNTIME = YES;
				FRAMEWORK_SEARCH_PATHS = (
					"$(inherited)",
					"$(LOCAL_LIBRARY_DIR)/Frameworks",
				);
				GCC_NO_COMMON_BLOCKS = NO;
				GENERATE_INFOPLIST_FILE = YES;
				HEADER_SEARCH_PATHS = /opt/homebrew/include;
				INFOPLIST_KEY_NSHumanReadableCopyright = "";
				INFOPLIST_KEY_NSMainNibFile = MainMenu;
				INFOPLIST_KEY_NSPrincipalClass = NSApplication;
				LD_RUNPATH_SEARCH_PATHS = "@rpath-relative";
				LIBRARY_SEARCH_PATHS = (
					"$(inherited)",
					/opt/homebrew/Cellar/glew/2.2.0_1/lib,
					"$(LOCAL_LIBRARY_DIR)/Frameworks/SDL2.framework/Versions/A",
				);
				MARKETING_VERSION = 1.0;
				ONLY_ACTIVE_ARCH = YES;
				OTHER_LDFLAGS = (
					"-L",
					/opt/homebrew/lib,
					"-lSDL2",
					/opt/homebrew/Cellar/sdl2/2.26.0/lib/libSDL2.a,
					"-lGLEW",
				);
				OTHER_LIBTOOLFLAGS = "-L /opt/homebrew/lib";
				PRODUCT_BUNDLE_IDENTIFIER = com.lsburton.Engine;
				PRODUCT_NAME = "$(TARGET_NAME)";
				PROVISIONING_PROFILE_SPECIFIER = "";
				SWIFT_EMIT_LOC_STRINGS = YES;
				USER_HEADER_SEARCH_PATHS = /Users/luke/Desktop/Engine/Engine/Source/Include;
			};
			name = Release;
		};
/* End XCBuildConfiguration section */

/* Begin XCConfigurationList section */
		A32CE4EC293DB47D0067A928 /* Build configuration list for PBXProject "Engine" */ = {
			isa = XCConfigurationList;
			buildConfigurations = (
				A32CE4FF293DB47D0067A928 /* Debug */,
				A32CE500293DB47D0067A928 /* Release */,
			);
			defaultConfigurationIsVisible = 0;
			defaultConfigurationName = Release;
		};
		A32CE501293DB47D0067A928 /* Build configuration list for PBXNativeTarget "Engine" */ = {
			isa = XCConfigurationList;
			buildConfigurations = (
				A32CE502293DB47D0067A928 /* Debug */,
				A32CE503293DB47D0067A928 /* Release */,
			);
			defaultConfigurationIsVisible = 0;
			defaultConfigurationName = Release;
		};
/* End XCConfigurationList section */
	};
	rootObject = A32CE4E9293DB47D0067A928 /* Project object */;
}
